
Microsoft Visual Studio Solution File, Format Version 11.00
# Visual Studio 2010
# SharpDevelop 4.2.1.8805
Project("{FD48973F-F585-4F70-812B-4D0503B36CE9}") = "Pg250MemebershipFee", "Pg250MemebershipFee.pyproj", "{C631AB90-2BC7-4155-9DD8-6D71BC833CCD}"
EndProject
Global
	GlobalSection(SolutionConfigurationPlatforms) = preSolution
		Debug|x86 = Debug|x86
		Release|x86 = Release|x86
	EndGlobalSection
	GlobalSection(ProjectConfigurationPlatforms) = postSolution
		{C631AB90-2BC7-4155-9DD8-6D71BC833CCD}.Debug|x86.Build.0 = Debug|x86
		{C631AB90-2BC7-4155-9DD8-6D71BC833CCD}.Debug|x86.ActiveCfg = Debug|x86
		{C631AB90-2BC7-4155-9DD8-6D71BC833CCD}.Release|x86.Build.0 = Release|x86
		{C631AB90-2BC7-4155-9DD8-6D71BC833CCD}.Release|x86.ActiveCfg = Release|x86
	EndGlobalSection
EndGlobal
