
Microsoft Visual Studio Solution File, Format Version 11.00
# Visual Studio 2010
# SharpDevelop 4.2.1.8805
Project("{FD48973F-F585-4F70-812B-4D0503B36CE9}") = "Pg198ScoreAvg", "Pg198ScoreAvg.pyproj", "{1BFB0D63-EA3D-4C65-B921-42C3A166D1D6}"
EndProject
Global
	GlobalSection(SolutionConfigurationPlatforms) = preSolution
		Debug|x86 = Debug|x86
		Release|x86 = Release|x86
	EndGlobalSection
	GlobalSection(ProjectConfigurationPlatforms) = postSolution
		{1BFB0D63-EA3D-4C65-B921-42C3A166D1D6}.Debug|x86.Build.0 = Debug|x86
		{1BFB0D63-EA3D-4C65-B921-42C3A166D1D6}.Debug|x86.ActiveCfg = Debug|x86
		{1BFB0D63-EA3D-4C65-B921-42C3A166D1D6}.Release|x86.Build.0 = Release|x86
		{1BFB0D63-EA3D-4C65-B921-42C3A166D1D6}.Release|x86.ActiveCfg = Release|x86
	EndGlobalSection
EndGlobal
