
Microsoft Visual Studio Solution File, Format Version 11.00
# Visual Studio 2010
# SharpDevelop 4.2.1.8805
Project("{FD48973F-F585-4F70-812B-4D0503B36CE9}") = "Prog76a", "Prog76a.pyproj", "{1D425846-BCC7-47F7-829A-C76B9E841008}"
EndProject
Global
	GlobalSection(SolutionConfigurationPlatforms) = preSolution
		Debug|x86 = Debug|x86
		Release|x86 = Release|x86
	EndGlobalSection
	GlobalSection(ProjectConfigurationPlatforms) = postSolution
		{1D425846-BCC7-47F7-829A-C76B9E841008}.Debug|x86.Build.0 = Debug|x86
		{1D425846-BCC7-47F7-829A-C76B9E841008}.Debug|x86.ActiveCfg = Debug|x86
		{1D425846-BCC7-47F7-829A-C76B9E841008}.Release|x86.Build.0 = Release|x86
		{1D425846-BCC7-47F7-829A-C76B9E841008}.Release|x86.ActiveCfg = Release|x86
	EndGlobalSection
EndGlobal
